
Microsoft Visual Studio Solution File, Format Version 12.00
# Visual Studio Version 17
VisualStudioVersion = 17.8.34330.188
MinimumVisualStudioVersion = 10.0.40219.1
Project("{2150E333-8FDC-42A3-9474-1A3956D46DE8}") = "Backend", "Backend", "{75D7F440-5D51-41D5-9C03-C32CE000B78E}"
EndProject
Project("{2150E333-8FDC-42A3-9474-1A3956D46DE8}") = "Services", "Services", "{EEB23ED4-B52B-427D-908D-0CF301DBB68E}"
EndProject
Project("{9A19103F-16F7-4668-BE54-9A1E7A4F7556}") = "CookBook.Service.AuthAPI", "CookBook.Service.AuthAPI\CookBook.Service.AuthAPI.csproj", "{AF1E825B-B27F-4975-9F3A-363D6D0B26D6}"
EndProject
Project("{FAE04EC0-301F-11D3-BF4B-00C04F79EFBC}") = "CookBook.Api", "CookBook.Api\CookBook.Api.csproj", "{61AF8911-880D-4236-82A3-3BA0CF9311BD}"
EndProject
Global
	GlobalSection(SolutionConfigurationPlatforms) = preSolution
		Debug|Any CPU = Debug|Any CPU
		Release|Any CPU = Release|Any CPU
	EndGlobalSection
	GlobalSection(ProjectConfigurationPlatforms) = postSolution
		{AF1E825B-B27F-4975-9F3A-363D6D0B26D6}.Debug|Any CPU.ActiveCfg = Debug|Any CPU
		{AF1E825B-B27F-4975-9F3A-363D6D0B26D6}.Debug|Any CPU.Build.0 = Debug|Any CPU
		{AF1E825B-B27F-4975-9F3A-363D6D0B26D6}.Release|Any CPU.ActiveCfg = Release|Any CPU
		{AF1E825B-B27F-4975-9F3A-363D6D0B26D6}.Release|Any CPU.Build.0 = Release|Any CPU
		{61AF8911-880D-4236-82A3-3BA0CF9311BD}.Debug|Any CPU.ActiveCfg = Debug|Any CPU
		{61AF8911-880D-4236-82A3-3BA0CF9311BD}.Debug|Any CPU.Build.0 = Debug|Any CPU
		{61AF8911-880D-4236-82A3-3BA0CF9311BD}.Release|Any CPU.ActiveCfg = Release|Any CPU
		{61AF8911-880D-4236-82A3-3BA0CF9311BD}.Release|Any CPU.Build.0 = Release|Any CPU
	EndGlobalSection
	GlobalSection(SolutionProperties) = preSolution
		HideSolutionNode = FALSE
	EndGlobalSection
	GlobalSection(NestedProjects) = preSolution
		{EEB23ED4-B52B-427D-908D-0CF301DBB68E} = {75D7F440-5D51-41D5-9C03-C32CE000B78E}
		{AF1E825B-B27F-4975-9F3A-363D6D0B26D6} = {EEB23ED4-B52B-427D-908D-0CF301DBB68E}
		{61AF8911-880D-4236-82A3-3BA0CF9311BD} = {75D7F440-5D51-41D5-9C03-C32CE000B78E}
	EndGlobalSection
	GlobalSection(ExtensibilityGlobals) = postSolution
		SolutionGuid = {41875EC8-A0B7-467C-897D-A2B3898F64A0}
	EndGlobalSection
EndGlobal
